{
  "requires": true,
  "lockfileVersion": 1,
  "dependencies": {
    "@middy/core": {
      "version": "2.5.7",
      "resolved": "https://registry.npmjs.org/@middy/core/-/core-2.5.7.tgz",
      "integrity": "sha512-KX5Ud0SP+pol6PGkYtMCH4goHobs1XJo3OvEUwdiZUIjZgo56Q08nLu5N7Bs6P+FwGTQHA+hlQ3I5SZbfpO/jg=="
    },
    "@middy/http-error-handler": {
      "version": "2.5.7",
      "resolved": "https://registry.npmjs.org/@middy/http-error-handler/-/http-error-handler-2.5.7.tgz",
      "integrity": "sha512-1/7L3OHGlQ2IuxL4e4Ylt81sfq5OX2G7q+uZoV5tP4d4KKVN8ftS1ExiMrZGH1r1fyVR3Voh9b2rHD6t/TZZyQ==",
      "requires": {
        "@middy/util": "^2.5.7"
      }
    },
    "@middy/http-event-normalizer": {
      "version": "2.5.7",
      "resolved": "https://registry.npmjs.org/@middy/http-event-normalizer/-/http-event-normalizer-2.5.7.tgz",
      "integrity": "sha512-Pq/Cqurmar/DaQ6nYPfUD05fMu/pQwN+4a3NskiB6U3Bs6esFOjuTuE9kK/zD9uWU4Rqi1Axu2ZnzdMI2Sudwg=="
    },
    "@middy/http-json-body-parser": {
      "version": "2.5.7",
      "resolved": "https://registry.npmjs.org/@middy/http-json-body-parser/-/http-json-body-parser-2.5.7.tgz",
      "integrity": "sha512-6xysTWlK8s8QTVyQE9MfXR6fIY9h26uyiD1rM0mmYzGhLqWmamHgJvXzpBVXyRwOej451zSfjdSgKU66nxZmrw==",
      "requires": {
        "@middy/util": "^2.5.7"
      }
    },
    "@middy/util": {
      "version": "2.5.7",
      "resolved": "https://registry.npmjs.org/@middy/util/-/util-2.5.7.tgz",
      "integrity": "sha512-4CwEVfUyvF0n1qtEzrcrV56L7iQYyt6zChYQ9N5/uvQgAhdExLzOinW6ki1ZjTMgaMypqdHNUyDAEiAuNJLRUw=="
    },
    "depd": {
      "version": "2.0.0",
      "resolved": "https://registry.npmjs.org/depd/-/depd-2.0.0.tgz",
      "integrity": "sha512-g7nH6P6dyDioJogAAGprGpCtVImJhpPk/roCzdb3fIh61/s/nPsfR6onyMwkCAR/OlC3yBC0lESvUoQEAssIrw=="
    },
    "http-errors": {
      "version": "2.0.0",
      "resolved": "https://registry.npmjs.org/http-errors/-/http-errors-2.0.0.tgz",
      "integrity": "sha512-FtwrG/euBzaEjYeRqOgly7G0qviiXoJWnvEH2Z1plBdXgbyjv34pHTSb9zoeHMyDy33+DWy5Wt9Wo+TURtOYSQ==",
      "requires": {
        "depd": "2.0.0",
        "inherits": "2.0.4",
        "setprototypeof": "1.2.0",
        "statuses": "2.0.1",
        "toidentifier": "1.0.1"
      }
    },
    "inherits": {
      "version": "2.0.4",
      "resolved": "https://registry.npmjs.org/inherits/-/inherits-2.0.4.tgz",
      "integrity": "sha512-k/vGaX4/Yla3WzyMCvTQOXYeIHvqOKtnqBduzTHpzpQZzAskKMhZ2K+EnBiSM9zGSoIFeMpXKxa4dYeZIQqewQ=="
    },
    "setprototypeof": {
      "version": "1.2.0",
      "resolved": "https://registry.npmjs.org/setprototypeof/-/setprototypeof-1.2.0.tgz",
      "integrity": "sha512-E5LDX7Wrp85Kil5bhZv46j8jOeboKq5JMmYM3gVGdGH8xFpPWXUMsNrlODCrkoxMEeNi/XZIwuRvY4XNwYMJpw=="
    },
    "statuses": {
      "version": "2.0.1",
      "resolved": "https://registry.npmjs.org/statuses/-/statuses-2.0.1.tgz",
      "integrity": "sha512-RwNA9Z/7PrK06rYLIzFMlaF+l73iwpzsqRIFgbMLbTcLD6cOao82TaWefPXQvB2fOC4AjuYSEndS7N/mTCbkdQ=="
    },
    "toidentifier": {
      "version": "1.0.1",
      "resolved": "https://registry.npmjs.org/toidentifier/-/toidentifier-1.0.1.tgz",
      "integrity": "sha512-o5sSPKEkg/DIQNmH43V0/uerLrpzVedkUh8tGNvaeXpfpuwjKenlSox/2O/BTlZUtEe+JG7s5YhEz608PlAHRA=="
    }
  }
}
